
Microsoft Visual Studio Solution File, Format Version 12.00
# Visual Studio 15
VisualStudioVersion = 15.0.28010.2048
MinimumVisualStudioVersion = 10.0.40219.1
Project("{FAE04EC0-301F-11D3-BF4B-00C04F79EFBC}") = "ShareIt", "ShareIt\ShareIt.csproj", "{F18C655C-6D75-4CB3-86BB-E953EB51C48C}"
EndProject
Global
	GlobalSection(SolutionConfigurationPlatforms) = preSolution
		Debug|Any CPU = Debug|Any CPU
		Release|Any CPU = Release|Any CPU
	EndGlobalSection
	GlobalSection(ProjectConfigurationPlatforms) = postSolution
		{F18C655C-6D75-4CB3-86BB-E953EB51C48C}.Debug|Any CPU.ActiveCfg = Debug|Any CPU
		{F18C655C-6D75-4CB3-86BB-E953EB51C48C}.Debug|Any CPU.Build.0 = Debug|Any CPU
		{F18C655C-6D75-4CB3-86BB-E953EB51C48C}.Release|Any CPU.ActiveCfg = Release|Any CPU
		{F18C655C-6D75-4CB3-86BB-E953EB51C48C}.Release|Any CPU.Build.0 = Release|Any CPU
	EndGlobalSection
	GlobalSection(SolutionProperties) = preSolution
		HideSolutionNode = FALSE
	EndGlobalSection
	GlobalSection(ExtensibilityGlobals) = postSolution
		SolutionGuid = {8DBF5D96-6581-486E-A2F2-1D82B524BC8E}
	EndGlobalSection
EndGlobal
