
Microsoft Visual Studio Solution File, Format Version 12.00
# Visual Studio Version 16
VisualStudioVersion = 16.0.28407.52
MinimumVisualStudioVersion = 10.0.40219.1
Project("{9A19103F-16F7-4668-BE54-9A1E7A4F7556}") = "ShareIt.Core", "ShareIt.Core\ShareIt.Core.csproj", "{0BB7B281-739D-4A67-9C4A-2C13CA5561BE}"
EndProject
Project("{9A19103F-16F7-4668-BE54-9A1E7A4F7556}") = "ShareIt.WebApi", "ShareIt.WebApi\ShareIt.WebApi.csproj", "{C6CE35D1-639A-4125-B8CD-00C3AF66ABF1}"
EndProject
Project("{9A19103F-16F7-4668-BE54-9A1E7A4F7556}") = "ShareIt.Global", "ShareIt.Global\ShareIt.Global.csproj", "{F73F8B10-7932-4855-8C9D-2F2B9CC02129}"
EndProject
Global
	GlobalSection(SolutionConfigurationPlatforms) = preSolution
		Debug|Any CPU = Debug|Any CPU
		Release|Any CPU = Release|Any CPU
	EndGlobalSection
	GlobalSection(ProjectConfigurationPlatforms) = postSolution
		{0BB7B281-739D-4A67-9C4A-2C13CA5561BE}.Debug|Any CPU.ActiveCfg = Debug|Any CPU
		{0BB7B281-739D-4A67-9C4A-2C13CA5561BE}.Debug|Any CPU.Build.0 = Debug|Any CPU
		{0BB7B281-739D-4A67-9C4A-2C13CA5561BE}.Release|Any CPU.ActiveCfg = Release|Any CPU
		{0BB7B281-739D-4A67-9C4A-2C13CA5561BE}.Release|Any CPU.Build.0 = Release|Any CPU
		{C6CE35D1-639A-4125-B8CD-00C3AF66ABF1}.Debug|Any CPU.ActiveCfg = Debug|Any CPU
		{C6CE35D1-639A-4125-B8CD-00C3AF66ABF1}.Debug|Any CPU.Build.0 = Debug|Any CPU
		{C6CE35D1-639A-4125-B8CD-00C3AF66ABF1}.Release|Any CPU.ActiveCfg = Release|Any CPU
		{C6CE35D1-639A-4125-B8CD-00C3AF66ABF1}.Release|Any CPU.Build.0 = Release|Any CPU
		{F73F8B10-7932-4855-8C9D-2F2B9CC02129}.Debug|Any CPU.ActiveCfg = Debug|Any CPU
		{F73F8B10-7932-4855-8C9D-2F2B9CC02129}.Debug|Any CPU.Build.0 = Debug|Any CPU
		{F73F8B10-7932-4855-8C9D-2F2B9CC02129}.Release|Any CPU.ActiveCfg = Release|Any CPU
		{F73F8B10-7932-4855-8C9D-2F2B9CC02129}.Release|Any CPU.Build.0 = Release|Any CPU
	EndGlobalSection
	GlobalSection(SolutionProperties) = preSolution
		HideSolutionNode = FALSE
	EndGlobalSection
	GlobalSection(ExtensibilityGlobals) = postSolution
		SolutionGuid = {8DBF5D96-6581-486E-A2F2-1D82B524BC8E}
	EndGlobalSection
EndGlobal
